{
  "requires": true,
  "lockfileVersion": 1,
  "dependencies": {
    "graphql-playground-html": {
      "version": "1.6.19",
      "resolved": "https://registry.npmjs.org/graphql-playground-html/-/graphql-playground-html-1.6.19.tgz",
      "integrity": "sha512-cLAqoOlxHbGj/LBpr4l2BE9qXf3g8ShjQqU2daVueITI/3wIkcDQTaQaQp+HWv0uaX0dCsgMCFW/TooLj8yJOg=="
    },
    "graphql-playground-middleware-express": {
      "version": "1.7.14",
      "resolved": "https://registry.npmjs.org/graphql-playground-middleware-express/-/graphql-playground-middleware-express-1.7.14.tgz",
      "integrity": "sha512-EqoAhbRBd7rEEEDFfvECQVmZnC4cOEmRc5goiiZldozt2GZB2UBK3/7p0DAtflg6S1w6SNUR8Tg9cDLjiL1Dew==",
      "requires": {
        "graphql-playground-html": "^1.6.19"
      }
    }
  }
}
